
Microsoft Visual Studio Solution File, Format Version 12.00
# Visual Studio Version 16
VisualStudioVersion = 16.0.31424.327
MinimumVisualStudioVersion = 10.0.40219.1
Project("{9A19103F-16F7-4668-BE54-9A1E7A4F7556}") = "Week2.Demo", "Week2.Demo\Week2.Demo.csproj", "{FC07F71F-8EEE-4EA8-8A7A-225ED0A89A30}"
EndProject
Project("{9A19103F-16F7-4668-BE54-9A1E7A4F7556}") = "Week2.ComplexNumber", "Week2.ComplexNumber\Week2.ComplexNumber.csproj", "{3C9E0D7A-4538-4D08-A9AA-C3C4679B280F}"
EndProject
Project("{9A19103F-16F7-4668-BE54-9A1E7A4F7556}") = "Week2.EsercitazioneComplex", "Week2.EsercitazioneComplex\Week2.EsercitazioneComplex.csproj", "{765C841D-8E60-4122-AE8E-36E6069AC782}"
EndProject
Project("{9A19103F-16F7-4668-BE54-9A1E7A4F7556}") = "Week2.Demo2", "Week2.Demo2\Week2.Demo2.csproj", "{647217BD-E199-46F1-9558-F819822F8F17}"
EndProject
Project("{9A19103F-16F7-4668-BE54-9A1E7A4F7556}") = "Week2.CastEOperator", "Week2.CastEOperator\Week2.CastEOperator.csproj", "{F8E5BA12-D2F7-49A2-B900-B63CAAE2CAB3}"
EndProject
Project("{9A19103F-16F7-4668-BE54-9A1E7A4F7556}") = "Week2.Linq", "Week2.Linq\Week2.Linq.csproj", "{2ADA1636-B91F-4B44-A809-85B69196CAF4}"
EndProject
Project("{FAE04EC0-301F-11D3-BF4B-00C04F79EFBC}") = "Week2.SimCard", "Week2.SimCard\Week2.SimCard.csproj", "{38CF3253-933F-4994-8E97-D6F6FBD65A1F}"
EndProject
Project("{FAE04EC0-301F-11D3-BF4B-00C04F79EFBC}") = "Week2.Loaners", "Week2.Loaners\Week2.Loaners.csproj", "{49517FDE-8FF2-44E0-9C21-92BE85652AC5}"
EndProject
Global
	GlobalSection(SolutionConfigurationPlatforms) = preSolution
		Debug|Any CPU = Debug|Any CPU
		Release|Any CPU = Release|Any CPU
	EndGlobalSection
	GlobalSection(ProjectConfigurationPlatforms) = postSolution
		{FC07F71F-8EEE-4EA8-8A7A-225ED0A89A30}.Debug|Any CPU.ActiveCfg = Debug|Any CPU
		{FC07F71F-8EEE-4EA8-8A7A-225ED0A89A30}.Debug|Any CPU.Build.0 = Debug|Any CPU
		{FC07F71F-8EEE-4EA8-8A7A-225ED0A89A30}.Release|Any CPU.ActiveCfg = Release|Any CPU
		{FC07F71F-8EEE-4EA8-8A7A-225ED0A89A30}.Release|Any CPU.Build.0 = Release|Any CPU
		{3C9E0D7A-4538-4D08-A9AA-C3C4679B280F}.Debug|Any CPU.ActiveCfg = Debug|Any CPU
		{3C9E0D7A-4538-4D08-A9AA-C3C4679B280F}.Debug|Any CPU.Build.0 = Debug|Any CPU
		{3C9E0D7A-4538-4D08-A9AA-C3C4679B280F}.Release|Any CPU.ActiveCfg = Release|Any CPU
		{3C9E0D7A-4538-4D08-A9AA-C3C4679B280F}.Release|Any CPU.Build.0 = Release|Any CPU
		{765C841D-8E60-4122-AE8E-36E6069AC782}.Debug|Any CPU.ActiveCfg = Debug|Any CPU
		{765C841D-8E60-4122-AE8E-36E6069AC782}.Debug|Any CPU.Build.0 = Debug|Any CPU
		{765C841D-8E60-4122-AE8E-36E6069AC782}.Release|Any CPU.ActiveCfg = Release|Any CPU
		{765C841D-8E60-4122-AE8E-36E6069AC782}.Release|Any CPU.Build.0 = Release|Any CPU
		{647217BD-E199-46F1-9558-F819822F8F17}.Debug|Any CPU.ActiveCfg = Debug|Any CPU
		{647217BD-E199-46F1-9558-F819822F8F17}.Debug|Any CPU.Build.0 = Debug|Any CPU
		{647217BD-E199-46F1-9558-F819822F8F17}.Release|Any CPU.ActiveCfg = Release|Any CPU
		{647217BD-E199-46F1-9558-F819822F8F17}.Release|Any CPU.Build.0 = Release|Any CPU
		{F8E5BA12-D2F7-49A2-B900-B63CAAE2CAB3}.Debug|Any CPU.ActiveCfg = Debug|Any CPU
		{F8E5BA12-D2F7-49A2-B900-B63CAAE2CAB3}.Debug|Any CPU.Build.0 = Debug|Any CPU
		{F8E5BA12-D2F7-49A2-B900-B63CAAE2CAB3}.Release|Any CPU.ActiveCfg = Release|Any CPU
		{F8E5BA12-D2F7-49A2-B900-B63CAAE2CAB3}.Release|Any CPU.Build.0 = Release|Any CPU
		{2ADA1636-B91F-4B44-A809-85B69196CAF4}.Debug|Any CPU.ActiveCfg = Debug|Any CPU
		{2ADA1636-B91F-4B44-A809-85B69196CAF4}.Debug|Any CPU.Build.0 = Debug|Any CPU
		{2ADA1636-B91F-4B44-A809-85B69196CAF4}.Release|Any CPU.ActiveCfg = Release|Any CPU
		{2ADA1636-B91F-4B44-A809-85B69196CAF4}.Release|Any CPU.Build.0 = Release|Any CPU
		{38CF3253-933F-4994-8E97-D6F6FBD65A1F}.Debug|Any CPU.ActiveCfg = Debug|Any CPU
		{38CF3253-933F-4994-8E97-D6F6FBD65A1F}.Debug|Any CPU.Build.0 = Debug|Any CPU
		{38CF3253-933F-4994-8E97-D6F6FBD65A1F}.Release|Any CPU.ActiveCfg = Release|Any CPU
		{38CF3253-933F-4994-8E97-D6F6FBD65A1F}.Release|Any CPU.Build.0 = Release|Any CPU
		{49517FDE-8FF2-44E0-9C21-92BE85652AC5}.Debug|Any CPU.ActiveCfg = Debug|Any CPU
		{49517FDE-8FF2-44E0-9C21-92BE85652AC5}.Debug|Any CPU.Build.0 = Debug|Any CPU
		{49517FDE-8FF2-44E0-9C21-92BE85652AC5}.Release|Any CPU.ActiveCfg = Release|Any CPU
		{49517FDE-8FF2-44E0-9C21-92BE85652AC5}.Release|Any CPU.Build.0 = Release|Any CPU
	EndGlobalSection
	GlobalSection(SolutionProperties) = preSolution
		HideSolutionNode = FALSE
	EndGlobalSection
	GlobalSection(ExtensibilityGlobals) = postSolution
		SolutionGuid = {183AF650-2F96-4A9D-B54C-2D055F0E6AD7}
	EndGlobalSection
EndGlobal
