
Microsoft Visual Studio Solution File, Format Version 12.00
# Visual Studio Version 16
VisualStudioVersion = 16.0.31424.327
MinimumVisualStudioVersion = 10.0.40219.1
Project("{9A19103F-16F7-4668-BE54-9A1E7A4F7556}") = "Week1.AcademyWeek1", "Week1.AcademyWeek1\Week1.AcademyWeek1.csproj", "{80527166-B1A1-458C-8A1B-3EE5842D5E31}"
EndProject
Project("{9A19103F-16F7-4668-BE54-9A1E7A4F7556}") = "Week1.AcademyWeek1.Day2", "Week1.AcademyWeek1.Day2\Week1.AcademyWeek1.Day2.csproj", "{78F70173-D267-44D5-AF9A-C0D5C90BB043}"
EndProject
Project("{9A19103F-16F7-4668-BE54-9A1E7A4F7556}") = "Week1.AcademyWeek1.Watcher", "Week1.AcademyWeek1.Watcher\Week1.AcademyWeek1.Watcher.csproj", "{6A091CA4-907D-43F6-8E2F-940698533C62}"
EndProject
Project("{9A19103F-16F7-4668-BE54-9A1E7A4F7556}") = "Week1.AcademyWeek1.Shapes", "Week1.AcademyWeek1.Shapes\Week1.AcademyWeek1.Shapes.csproj", "{7943F40A-A153-4FE6-8E64-7B35CE29DF17}"
EndProject
Project("{9A19103F-16F7-4668-BE54-9A1E7A4F7556}") = "Breakfast", "Breakfast\Breakfast.csproj", "{8480ED7B-763B-4680-A8FD-5D7D0EB7E161}"
EndProject
Project("{9A19103F-16F7-4668-BE54-9A1E7A4F7556}") = "Week1.FactoryPattern", "Week1.FactoryPattern\Week1.FactoryPattern.csproj", "{9BE50495-3CDE-4214-9E68-19B6707E8E8B}"
EndProject
Project("{9A19103F-16F7-4668-BE54-9A1E7A4F7556}") = "Week1.ChainPattern", "Week1.ChainPattern\Week1.ChainPattern.csproj", "{C2D96E15-9B99-4842-BB7C-C44965E86D1F}"
EndProject
Project("{9A19103F-16F7-4668-BE54-9A1E7A4F7556}") = "Week1.EserciziPattern", "Week1.EserciziPattern\Week1.EserciziPattern.csproj", "{C1EEDB48-4C13-48FE-B17D-26EA0DF0A271}"
EndProject
Project("{FAE04EC0-301F-11D3-BF4B-00C04F79EFBC}") = "Week1.TestDesignPattern", "Week1.TestDesignPattern\Week1.TestDesignPattern.csproj", "{07BA6A2F-807D-4724-BC71-F101F5FA89FA}"
EndProject
Project("{FAE04EC0-301F-11D3-BF4B-00C04F79EFBC}") = "Week1.Linq", "Week1.Linq\Week1.Linq.csproj", "{C7B300BB-4FE1-4EB2-8E55-486DB3EE1252}"
EndProject
Global
	GlobalSection(SolutionConfigurationPlatforms) = preSolution
		Debug|Any CPU = Debug|Any CPU
		Release|Any CPU = Release|Any CPU
	EndGlobalSection
	GlobalSection(ProjectConfigurationPlatforms) = postSolution
		{80527166-B1A1-458C-8A1B-3EE5842D5E31}.Debug|Any CPU.ActiveCfg = Debug|Any CPU
		{80527166-B1A1-458C-8A1B-3EE5842D5E31}.Debug|Any CPU.Build.0 = Debug|Any CPU
		{80527166-B1A1-458C-8A1B-3EE5842D5E31}.Release|Any CPU.ActiveCfg = Release|Any CPU
		{80527166-B1A1-458C-8A1B-3EE5842D5E31}.Release|Any CPU.Build.0 = Release|Any CPU
		{78F70173-D267-44D5-AF9A-C0D5C90BB043}.Debug|Any CPU.ActiveCfg = Debug|Any CPU
		{78F70173-D267-44D5-AF9A-C0D5C90BB043}.Debug|Any CPU.Build.0 = Debug|Any CPU
		{78F70173-D267-44D5-AF9A-C0D5C90BB043}.Release|Any CPU.ActiveCfg = Release|Any CPU
		{78F70173-D267-44D5-AF9A-C0D5C90BB043}.Release|Any CPU.Build.0 = Release|Any CPU
		{6A091CA4-907D-43F6-8E2F-940698533C62}.Debug|Any CPU.ActiveCfg = Debug|Any CPU
		{6A091CA4-907D-43F6-8E2F-940698533C62}.Debug|Any CPU.Build.0 = Debug|Any CPU
		{6A091CA4-907D-43F6-8E2F-940698533C62}.Release|Any CPU.ActiveCfg = Release|Any CPU
		{6A091CA4-907D-43F6-8E2F-940698533C62}.Release|Any CPU.Build.0 = Release|Any CPU
		{7943F40A-A153-4FE6-8E64-7B35CE29DF17}.Debug|Any CPU.ActiveCfg = Debug|Any CPU
		{7943F40A-A153-4FE6-8E64-7B35CE29DF17}.Debug|Any CPU.Build.0 = Debug|Any CPU
		{7943F40A-A153-4FE6-8E64-7B35CE29DF17}.Release|Any CPU.ActiveCfg = Release|Any CPU
		{7943F40A-A153-4FE6-8E64-7B35CE29DF17}.Release|Any CPU.Build.0 = Release|Any CPU
		{8480ED7B-763B-4680-A8FD-5D7D0EB7E161}.Debug|Any CPU.ActiveCfg = Debug|Any CPU
		{8480ED7B-763B-4680-A8FD-5D7D0EB7E161}.Debug|Any CPU.Build.0 = Debug|Any CPU
		{8480ED7B-763B-4680-A8FD-5D7D0EB7E161}.Release|Any CPU.ActiveCfg = Release|Any CPU
		{8480ED7B-763B-4680-A8FD-5D7D0EB7E161}.Release|Any CPU.Build.0 = Release|Any CPU
		{9BE50495-3CDE-4214-9E68-19B6707E8E8B}.Debug|Any CPU.ActiveCfg = Debug|Any CPU
		{9BE50495-3CDE-4214-9E68-19B6707E8E8B}.Debug|Any CPU.Build.0 = Debug|Any CPU
		{9BE50495-3CDE-4214-9E68-19B6707E8E8B}.Release|Any CPU.ActiveCfg = Release|Any CPU
		{9BE50495-3CDE-4214-9E68-19B6707E8E8B}.Release|Any CPU.Build.0 = Release|Any CPU
		{C2D96E15-9B99-4842-BB7C-C44965E86D1F}.Debug|Any CPU.ActiveCfg = Debug|Any CPU
		{C2D96E15-9B99-4842-BB7C-C44965E86D1F}.Debug|Any CPU.Build.0 = Debug|Any CPU
		{C2D96E15-9B99-4842-BB7C-C44965E86D1F}.Release|Any CPU.ActiveCfg = Release|Any CPU
		{C2D96E15-9B99-4842-BB7C-C44965E86D1F}.Release|Any CPU.Build.0 = Release|Any CPU
		{C1EEDB48-4C13-48FE-B17D-26EA0DF0A271}.Debug|Any CPU.ActiveCfg = Debug|Any CPU
		{C1EEDB48-4C13-48FE-B17D-26EA0DF0A271}.Debug|Any CPU.Build.0 = Debug|Any CPU
		{C1EEDB48-4C13-48FE-B17D-26EA0DF0A271}.Release|Any CPU.ActiveCfg = Release|Any CPU
		{C1EEDB48-4C13-48FE-B17D-26EA0DF0A271}.Release|Any CPU.Build.0 = Release|Any CPU
		{07BA6A2F-807D-4724-BC71-F101F5FA89FA}.Debug|Any CPU.ActiveCfg = Debug|Any CPU
		{07BA6A2F-807D-4724-BC71-F101F5FA89FA}.Debug|Any CPU.Build.0 = Debug|Any CPU
		{07BA6A2F-807D-4724-BC71-F101F5FA89FA}.Release|Any CPU.ActiveCfg = Release|Any CPU
		{07BA6A2F-807D-4724-BC71-F101F5FA89FA}.Release|Any CPU.Build.0 = Release|Any CPU
		{C7B300BB-4FE1-4EB2-8E55-486DB3EE1252}.Debug|Any CPU.ActiveCfg = Debug|Any CPU
		{C7B300BB-4FE1-4EB2-8E55-486DB3EE1252}.Debug|Any CPU.Build.0 = Debug|Any CPU
		{C7B300BB-4FE1-4EB2-8E55-486DB3EE1252}.Release|Any CPU.ActiveCfg = Release|Any CPU
		{C7B300BB-4FE1-4EB2-8E55-486DB3EE1252}.Release|Any CPU.Build.0 = Release|Any CPU
	EndGlobalSection
	GlobalSection(SolutionProperties) = preSolution
		HideSolutionNode = FALSE
	EndGlobalSection
	GlobalSection(ExtensibilityGlobals) = postSolution
		SolutionGuid = {F1372637-A30E-49D4-8120-CB9E1C01AD43}
	EndGlobalSection
EndGlobal
